// !$*UTF8*$!
{
	archiveVersion = 1;
	classes = {
	};
	objectVersion = 46;
	objects = {

/* Begin PBXBuildFile section */
		5058D4171E2C830100CCD5B8 /* AppDelegate.swift in Sources */ = {isa = PBXBuildFile; fileRef = 5058D4161E2C830100CCD5B8 /* AppDelegate.swift */; };
		5058D4191E2C830100CCD5B8 /* MapViewController.swift in Sources */ = {isa = PBXBuildFile; fileRef = 5058D4181E2C830100CCD5B8 /* MapViewController.swift */; };
		5058D41C1E2C830100CCD5B8 /* Main.storyboard in Resources */ = {isa = PBXBuildFile; fileRef = 5058D41A1E2C830100CCD5B8 /* Main.storyboard */; };
		5058D41E1E2C830100CCD5B8 /* Assets.xcassets in Resources */ = {isa = PBXBuildFile; fileRef = 5058D41D1E2C830100CCD5B8 /* Assets.xcassets */; };
		5058D4211E2C830100CCD5B8 /* LaunchScreen.storyboard in Resources */ = {isa = PBXBuildFile; fileRef = 5058D41F1E2C830100CCD5B8 /* LaunchScreen.storyboard */; };
		5058D42C1E2C830200CCD5B8 /* VirtualTouristTests.swift in Sources */ = {isa = PBXBuildFile; fileRef = 5058D42B1E2C830200CCD5B8 /* VirtualTouristTests.swift */; };
		5058D4371E2C830200CCD5B8 /* VirtualTouristUITests.swift in Sources */ = {isa = PBXBuildFile; fileRef = 5058D4361E2C830200CCD5B8 /* VirtualTouristUITests.swift */; };
		506001721E52C5DD007855DB /* FlickrNetwork.swift in Sources */ = {isa = PBXBuildFile; fileRef = 506001711E52C5DD007855DB /* FlickrNetwork.swift */; };
		506001741E52C621007855DB /* FlickrAssist.swift in Sources */ = {isa = PBXBuildFile; fileRef = 506001731E52C621007855DB /* FlickrAssist.swift */; };
		506001791E52C73F007855DB /* CoreDataStackManager.swift in Sources */ = {isa = PBXBuildFile; fileRef = 506001781E52C73F007855DB /* CoreDataStackManager.swift */; };
		5060017B1E52C79C007855DB /* PhotosViewController.swift in Sources */ = {isa = PBXBuildFile; fileRef = 5060017A1E52C79C007855DB /* PhotosViewController.swift */; };
		5060017E1E52C84F007855DB /* Map.swift in Sources */ = {isa = PBXBuildFile; fileRef = 5060017D1E52C84F007855DB /* Map.swift */; };
		506001801E52C859007855DB /* Photo.swift in Sources */ = {isa = PBXBuildFile; fileRef = 5060017F1E52C859007855DB /* Photo.swift */; };
		506001821E52C861007855DB /* Pin.swift in Sources */ = {isa = PBXBuildFile; fileRef = 506001811E52C861007855DB /* Pin.swift */; };
		506001851E52C8E9007855DB /* MapKit.framework in Frameworks */ = {isa = PBXBuildFile; fileRef = 506001841E52C8E9007855DB /* MapKit.framework */; };
		508E0A9E1E58E5960006F1D7 /* CollectionCell.swift in Sources */ = {isa = PBXBuildFile; fileRef = 508E0A9D1E58E5960006F1D7 /* CollectionCell.swift */; };
/* End PBXBuildFile section */

/* Begin PBXContainerItemProxy section */
		5058D4281E2C830200CCD5B8 /* PBXContainerItemProxy */ = {
			isa = PBXContainerItemProxy;
			containerPortal = 5058D40B1E2C830100CCD5B8 /* Project object */;
			proxyType = 1;
			remoteGlobalIDString = 5058D4121E2C830100CCD5B8;
			remoteInfo = VirtualTourist;
		};
		5058D4331E2C830200CCD5B8 /* PBXContainerItemProxy */ = {
			isa = PBXContainerItemProxy;
			containerPortal = 5058D40B1E2C830100CCD5B8 /* Project object */;
			proxyType = 1;
			remoteGlobalIDString = 5058D4121E2C830100CCD5B8;
			remoteInfo = VirtualTourist;
		};
/* End PBXContainerItemProxy section */

/* Begin PBXFileReference section */
		5058D4131E2C830100CCD5B8 /* VirtualTourist.app */ = {isa = PBXFileReference; explicitFileType = wrapper.application; includeInIndex = 0; path = VirtualTourist.app; sourceTree = BUILT_PRODUCTS_DIR; };
		5058D4161E2C830100CCD5B8 /* AppDelegate.swift */ = {isa = PBXFileReference; lastKnownFileType = sourcecode.swift; path = AppDelegate.swift; sourceTree = "<group>"; };
		5058D4181E2C830100CCD5B8 /* MapViewController.swift */ = {isa = PBXFileReference; lastKnownFileType = sourcecode.swift; name = MapViewController.swift; path = VirtualTourist/MapViewController.swift; sourceTree = "<group>"; };
		5058D41B1E2C830100CCD5B8 /* Base */ = {isa = PBXFileReference; lastKnownFileType = file.storyboard; name = Base; path = Base.lproj/Main.storyboard; sourceTree = "<group>"; };
		5058D41D1E2C830100CCD5B8 /* Assets.xcassets */ = {isa = PBXFileReference; lastKnownFileType = folder.assetcatalog; name = Assets.xcassets; path = VirtualTourist/Assets.xcassets; sourceTree = "<group>"; };
		5058D4201E2C830100CCD5B8 /* Base */ = {isa = PBXFileReference; lastKnownFileType = file.storyboard; name = Base; path = Base.lproj/LaunchScreen.storyboard; sourceTree = "<group>"; };
		5058D4221E2C830100CCD5B8 /* Info.plist */ = {isa = PBXFileReference; lastKnownFileType = text.plist.xml; path = Info.plist; sourceTree = "<group>"; };
		5058D4271E2C830200CCD5B8 /* VirtualTouristTests.xctest */ = {isa = PBXFileReference; explicitFileType = wrapper.cfbundle; includeInIndex = 0; path = VirtualTouristTests.xctest; sourceTree = BUILT_PRODUCTS_DIR; };
		5058D42B1E2C830200CCD5B8 /* VirtualTouristTests.swift */ = {isa = PBXFileReference; lastKnownFileType = sourcecode.swift; path = VirtualTouristTests.swift; sourceTree = "<group>"; };
		5058D42D1E2C830200CCD5B8 /* Info.plist */ = {isa = PBXFileReference; lastKnownFileType = text.plist.xml; path = Info.plist; sourceTree = "<group>"; };
		5058D4321E2C830200CCD5B8 /* VirtualTouristUITests.xctest */ = {isa = PBXFileReference; explicitFileType = wrapper.cfbundle; includeInIndex = 0; path = VirtualTouristUITests.xctest; sourceTree = BUILT_PRODUCTS_DIR; };
		5058D4361E2C830200CCD5B8 /* VirtualTouristUITests.swift */ = {isa = PBXFileReference; lastKnownFileType = sourcecode.swift; path = VirtualTouristUITests.swift; sourceTree = "<group>"; };
		5058D4381E2C830200CCD5B8 /* Info.plist */ = {isa = PBXFileReference; lastKnownFileType = text.plist.xml; path = Info.plist; sourceTree = "<group>"; };
		506001711E52C5DD007855DB /* FlickrNetwork.swift */ = {isa = PBXFileReference; fileEncoding = 4; lastKnownFileType = sourcecode.swift; path = FlickrNetwork.swift; sourceTree = "<group>"; };
		506001731E52C621007855DB /* FlickrAssist.swift */ = {isa = PBXFileReference; fileEncoding = 4; lastKnownFileType = sourcecode.swift; path = FlickrAssist.swift; sourceTree = "<group>"; };
		506001781E52C73F007855DB /* CoreDataStackManager.swift */ = {isa = PBXFileReference; fileEncoding = 4; lastKnownFileType = sourcecode.swift; path = CoreDataStackManager.swift; sourceTree = "<group>"; };
		5060017A1E52C79C007855DB /* PhotosViewController.swift */ = {isa = PBXFileReference; fileEncoding = 4; lastKnownFileType = sourcecode.swift; path = PhotosViewController.swift; sourceTree = "<group>"; };
		5060017D1E52C84F007855DB /* Map.swift */ = {isa = PBXFileReference; fileEncoding = 4; lastKnownFileType = sourcecode.swift; path = Map.swift; sourceTree = "<group>"; };
		5060017F1E52C859007855DB /* Photo.swift */ = {isa = PBXFileReference; fileEncoding = 4; lastKnownFileType = sourcecode.swift; path = Photo.swift; sourceTree = "<group>"; };
		506001811E52C861007855DB /* Pin.swift */ = {isa = PBXFileReference; fileEncoding = 4; lastKnownFileType = sourcecode.swift; path = Pin.swift; sourceTree = "<group>"; };
		506001841E52C8E9007855DB /* MapKit.framework */ = {isa = PBXFileReference; lastKnownFileType = wrapper.framework; name = MapKit.framework; path = System/Library/Frameworks/MapKit.framework; sourceTree = SDKROOT; };
		508E0A9D1E58E5960006F1D7 /* CollectionCell.swift */ = {isa = PBXFileReference; fileEncoding = 4; lastKnownFileType = sourcecode.swift; path = CollectionCell.swift; sourceTree = "<group>"; };
/* End PBXFileReference section */

/* Begin PBXFrameworksBuildPhase section */
		5058D4101E2C830100CCD5B8 /* Frameworks */ = {
			isa = PBXFrameworksBuildPhase;
			buildActionMask = 2147483647;
			files = (
				506001851E52C8E9007855DB /* MapKit.framework in Frameworks */,
			);
			runOnlyForDeploymentPostprocessing = 0;
		};
		5058D4241E2C830200CCD5B8 /* Frameworks */ = {
			isa = PBXFrameworksBuildPhase;
			buildActionMask = 2147483647;
			files = (
			);
			runOnlyForDeploymentPostprocessing = 0;
		};
		5058D42F1E2C830200CCD5B8 /* Frameworks */ = {
			isa = PBXFrameworksBuildPhase;
			buildActionMask = 2147483647;
			files = (
			);
			runOnlyForDeploymentPostprocessing = 0;
		};
/* End PBXFrameworksBuildPhase section */

/* Begin PBXGroup section */
		5058D40A1E2C830100CCD5B8 = {
			isa = PBXGroup;
			children = (
				5058D4151E2C830100CCD5B8 /* VirtualTourist */,
				5060016D1E52C4FF007855DB /* Controllers */,
				506001701E52C5B5007855DB /* Networks */,
				5060017C1E52C82B007855DB /* Components */,
				506001861E52C97E007855DB /* Assets */,
				506001831E52C8AD007855DB /* Frameworks */,
				5058D42A1E2C830200CCD5B8 /* VirtualTouristTests */,
				5058D4351E2C830200CCD5B8 /* VirtualTouristUITests */,
				5058D4141E2C830100CCD5B8 /* Products */,
			);
			sourceTree = "<group>";
		};
		5058D4141E2C830100CCD5B8 /* Products */ = {
			isa = PBXGroup;
			children = (
				5058D4131E2C830100CCD5B8 /* VirtualTourist.app */,
				5058D4271E2C830200CCD5B8 /* VirtualTouristTests.xctest */,
				5058D4321E2C830200CCD5B8 /* VirtualTouristUITests.xctest */,
			);
			name = Products;
			sourceTree = "<group>";
		};
		5058D4151E2C830100CCD5B8 /* VirtualTourist */ = {
			isa = PBXGroup;
			children = (
				5058D4161E2C830100CCD5B8 /* AppDelegate.swift */,
				5058D4221E2C830100CCD5B8 /* Info.plist */,
			);
			path = VirtualTourist;
			sourceTree = "<group>";
		};
		5058D42A1E2C830200CCD5B8 /* VirtualTouristTests */ = {
			isa = PBXGroup;
			children = (
				5058D42B1E2C830200CCD5B8 /* VirtualTouristTests.swift */,
				5058D42D1E2C830200CCD5B8 /* Info.plist */,
			);
			path = VirtualTouristTests;
			sourceTree = "<group>";
		};
		5058D4351E2C830200CCD5B8 /* VirtualTouristUITests */ = {
			isa = PBXGroup;
			children = (
				5058D4361E2C830200CCD5B8 /* VirtualTouristUITests.swift */,
				5058D4381E2C830200CCD5B8 /* Info.plist */,
			);
			path = VirtualTouristUITests;
			sourceTree = "<group>";
		};
		5060016D1E52C4FF007855DB /* Controllers */ = {
			isa = PBXGroup;
			children = (
				5058D4181E2C830100CCD5B8 /* MapViewController.swift */,
				5060017A1E52C79C007855DB /* PhotosViewController.swift */,
				508E0A9D1E58E5960006F1D7 /* CollectionCell.swift */,
			);
			name = Controllers;
			sourceTree = "<group>";
		};
		506001701E52C5B5007855DB /* Networks */ = {
			isa = PBXGroup;
			children = (
				506001711E52C5DD007855DB /* FlickrNetwork.swift */,
				506001731E52C621007855DB /* FlickrAssist.swift */,
			);
			name = Networks;
			sourceTree = "<group>";
		};
		5060017C1E52C82B007855DB /* Components */ = {
			isa = PBXGroup;
			children = (
				506001781E52C73F007855DB /* CoreDataStackManager.swift */,
				5060017D1E52C84F007855DB /* Map.swift */,
				5060017F1E52C859007855DB /* Photo.swift */,
				506001811E52C861007855DB /* Pin.swift */,
			);
			name = Components;
			sourceTree = "<group>";
		};
		506001831E52C8AD007855DB /* Frameworks */ = {
			isa = PBXGroup;
			children = (
				506001841E52C8E9007855DB /* MapKit.framework */,
			);
			name = Frameworks;
			sourceTree = "<group>";
		};
		506001861E52C97E007855DB /* Assets */ = {
			isa = PBXGroup;
			children = (
				5058D41A1E2C830100CCD5B8 /* Main.storyboard */,
				5058D41F1E2C830100CCD5B8 /* LaunchScreen.storyboard */,
				5058D41D1E2C830100CCD5B8 /* Assets.xcassets */,
			);
			name = Assets;
			sourceTree = "<group>";
		};
/* End PBXGroup section */

/* Begin PBXNativeTarget section */
		5058D4121E2C830100CCD5B8 /* VirtualTourist */ = {
			isa = PBXNativeTarget;
			buildConfigurationList = 5058D43B1E2C830200CCD5B8 /* Build configuration list for PBXNativeTarget "VirtualTourist" */;
			buildPhases = (
				5058D40F1E2C830100CCD5B8 /* Sources */,
				5058D4101E2C830100CCD5B8 /* Frameworks */,
				5058D4111E2C830100CCD5B8 /* Resources */,
			);
			buildRules = (
			);
			dependencies = (
			);
			name = VirtualTourist;
			productName = VirtualTourist;
			productReference = 5058D4131E2C830100CCD5B8 /* VirtualTourist.app */;
			productType = "com.apple.product-type.application";
		};
		5058D4261E2C830200CCD5B8 /* VirtualTouristTests */ = {
			isa = PBXNativeTarget;
			buildConfigurationList = 5058D43E1E2C830200CCD5B8 /* Build configuration list for PBXNativeTarget "VirtualTouristTests" */;
			buildPhases = (
				5058D4231E2C830200CCD5B8 /* Sources */,
				5058D4241E2C830200CCD5B8 /* Frameworks */,
				5058D4251E2C830200CCD5B8 /* Resources */,
			);
			buildRules = (
			);
			dependencies = (
				5058D4291E2C830200CCD5B8 /* PBXTargetDependency */,
			);
			name = VirtualTouristTests;
			productName = VirtualTouristTests;
			productReference = 5058D4271E2C830200CCD5B8 /* VirtualTouristTests.xctest */;
			productType = "com.apple.product-type.bundle.unit-test";
		};
		5058D4311E2C830200CCD5B8 /* VirtualTouristUITests */ = {
			isa = PBXNativeTarget;
			buildConfigurationList = 5058D4411E2C830200CCD5B8 /* Build configuration list for PBXNativeTarget "VirtualTouristUITests" */;
			buildPhases = (
				5058D42E1E2C830200CCD5B8 /* Sources */,
				5058D42F1E2C830200CCD5B8 /* Frameworks */,
				5058D4301E2C830200CCD5B8 /* Resources */,
			);
			buildRules = (
			);
			dependencies = (
				5058D4341E2C830200CCD5B8 /* PBXTargetDependency */,
			);
			name = VirtualTouristUITests;
			productName = VirtualTouristUITests;
			productReference = 5058D4321E2C830200CCD5B8 /* VirtualTouristUITests.xctest */;
			productType = "com.apple.product-type.bundle.ui-testing";
		};
/* End PBXNativeTarget section */

/* Begin PBXProject section */
		5058D40B1E2C830100CCD5B8 /* Project object */ = {
			isa = PBXProject;
			attributes = {
				LastSwiftUpdateCheck = 0820;
				LastUpgradeCheck = 0820;
				ORGANIZATIONNAME = Deborah;
				TargetAttributes = {
					5058D4121E2C830100CCD5B8 = {
						CreatedOnToolsVersion = 8.2.1;
						DevelopmentTeam = 4J6N8TR2LN;
						ProvisioningStyle = Automatic;
					};
					5058D4261E2C830200CCD5B8 = {
						CreatedOnToolsVersion = 8.2.1;
						DevelopmentTeam = 4J6N8TR2LN;
						ProvisioningStyle = Automatic;
						TestTargetID = 5058D4121E2C830100CCD5B8;
					};
					5058D4311E2C830200CCD5B8 = {
						CreatedOnToolsVersion = 8.2.1;
						DevelopmentTeam = 4J6N8TR2LN;
						ProvisioningStyle = Automatic;
						TestTargetID = 5058D4121E2C830100CCD5B8;
					};
				};
			};
			buildConfigurationList = 5058D40E1E2C830100CCD5B8 /* Build configuration list for PBXProject "VirtualTourist" */;
			compatibilityVersion = "Xcode 3.2";
			developmentRegion = English;
			hasScannedForEncodings = 0;
			knownRegions = (
				en,
				Base,
			);
			mainGroup = 5058D40A1E2C830100CCD5B8;
			productRefGroup = 5058D4141E2C830100CCD5B8 /* Products */;
			projectDirPath = "";
			projectRoot = "";
			targets = (
				5058D4121E2C830100CCD5B8 /* VirtualTourist */,
				5058D4261E2C830200CCD5B8 /* VirtualTouristTests */,
				5058D4311E2C830200CCD5B8 /* VirtualTouristUITests */,
			);
		};
/* End PBXProject section */

/* Begin PBXResourcesBuildPhase section */
		5058D4111E2C830100CCD5B8 /* Resources */ = {
			isa = PBXResourcesBuildPhase;
			buildActionMask = 2147483647;
			files = (
				5058D4211E2C830100CCD5B8 /* LaunchScreen.storyboard in Resources */,
				5058D41E1E2C830100CCD5B8 /* Assets.xcassets in Resources */,
				5058D41C1E2C830100CCD5B8 /* Main.storyboard in Resources */,
			);
			runOnlyForDeploymentPostprocessing = 0;
		};
		5058D4251E2C830200CCD5B8 /* Resources */ = {
			isa = PBXResourcesBuildPhase;
			buildActionMask = 2147483647;
			files = (
			);
			runOnlyForDeploymentPostprocessing = 0;
		};
		5058D4301E2C830200CCD5B8 /* Resources */ = {
			isa = PBXResourcesBuildPhase;
			buildActionMask = 2147483647;
			files = (
			);
			runOnlyForDeploymentPostprocessing = 0;
		};
/* End PBXResourcesBuildPhase section */

/* Begin PBXSourcesBuildPhase section */
		5058D40F1E2C830100CCD5B8 /* Sources */ = {
			isa = PBXSourcesBuildPhase;
			buildActionMask = 2147483647;
			files = (
				506001821E52C861007855DB /* Pin.swift in Sources */,
				5060017B1E52C79C007855DB /* PhotosViewController.swift in Sources */,
				506001741E52C621007855DB /* FlickrAssist.swift in Sources */,
				5058D4191E2C830100CCD5B8 /* MapViewController.swift in Sources */,
				506001801E52C859007855DB /* Photo.swift in Sources */,
				506001791E52C73F007855DB /* CoreDataStackManager.swift in Sources */,
				5058D4171E2C830100CCD5B8 /* AppDelegate.swift in Sources */,
				5060017E1E52C84F007855DB /* Map.swift in Sources */,
				506001721E52C5DD007855DB /* FlickrNetwork.swift in Sources */,
				508E0A9E1E58E5960006F1D7 /* CollectionCell.swift in Sources */,
			);
			runOnlyForDeploymentPostprocessing = 0;
		};
		5058D4231E2C830200CCD5B8 /* Sources */ = {
			isa = PBXSourcesBuildPhase;
			buildActionMask = 2147483647;
			files = (
				5058D42C1E2C830200CCD5B8 /* VirtualTouristTests.swift in Sources */,
			);
			runOnlyForDeploymentPostprocessing = 0;
		};
		5058D42E1E2C830200CCD5B8 /* Sources */ = {
			isa = PBXSourcesBuildPhase;
			buildActionMask = 2147483647;
			files = (
				5058D4371E2C830200CCD5B8 /* VirtualTouristUITests.swift in Sources */,
			);
			runOnlyForDeploymentPostprocessing = 0;
		};
/* End PBXSourcesBuildPhase section */

/* Begin PBXTargetDependency section */
		5058D4291E2C830200CCD5B8 /* PBXTargetDependency */ = {
			isa = PBXTargetDependency;
			target = 5058D4121E2C830100CCD5B8 /* VirtualTourist */;
			targetProxy = 5058D4281E2C830200CCD5B8 /* PBXContainerItemProxy */;
		};
		5058D4341E2C830200CCD5B8 /* PBXTargetDependency */ = {
			isa = PBXTargetDependency;
			target = 5058D4121E2C830100CCD5B8 /* VirtualTourist */;
			targetProxy = 5058D4331E2C830200CCD5B8 /* PBXContainerItemProxy */;
		};
/* End PBXTargetDependency section */

/* Begin PBXVariantGroup section */
		5058D41A1E2C830100CCD5B8 /* Main.storyboard */ = {
			isa = PBXVariantGroup;
			children = (
				5058D41B1E2C830100CCD5B8 /* Base */,
			);
			name = Main.storyboard;
			path = VirtualTourist;
			sourceTree = "<group>";
		};
		5058D41F1E2C830100CCD5B8 /* LaunchScreen.storyboard */ = {
			isa = PBXVariantGroup;
			children = (
				5058D4201E2C830100CCD5B8 /* Base */,
			);
			name = LaunchScreen.storyboard;
			path = VirtualTourist;
			sourceTree = "<group>";
		};
/* End PBXVariantGroup section */

/* Begin XCBuildConfiguration section */
		5058D4391E2C830200CCD5B8 /* Debug */ = {
			isa = XCBuildConfiguration;
			buildSettings = {
				ALWAYS_SEARCH_USER_PATHS = NO;
				CLANG_ANALYZER_NONNULL = YES;
				CLANG_CXX_LANGUAGE_STANDARD = "gnu++0x";
				CLANG_CXX_LIBRARY = "libc++";
				CLANG_ENABLE_MODULES = YES;
				CLANG_ENABLE_OBJC_ARC = YES;
				CLANG_WARN_BOOL_CONVERSION = YES;
				CLANG_WARN_CONSTANT_CONVERSION = YES;
				CLANG_WARN_DIRECT_OBJC_ISA_USAGE = YES_ERROR;
				CLANG_WARN_DOCUMENTATION_COMMENTS = YES;
				CLANG_WARN_EMPTY_BODY = YES;
				CLANG_WARN_ENUM_CONVERSION = YES;
				CLANG_WARN_INFINITE_RECURSION = YES;
				CLANG_WARN_INT_CONVERSION = YES;
				CLANG_WARN_OBJC_ROOT_CLASS = YES_ERROR;
				CLANG_WARN_SUSPICIOUS_MOVE = YES;
				CLANG_WARN_UNREACHABLE_CODE = YES;
				CLANG_WARN__DUPLICATE_METHOD_MATCH = YES;
				"CODE_SIGN_IDENTITY[sdk=iphoneos*]" = "iPhone Developer";
				COPY_PHASE_STRIP = NO;
				DEBUG_INFORMATION_FORMAT = dwarf;
				ENABLE_STRICT_OBJC_MSGSEND = YES;
				ENABLE_TESTABILITY = YES;
				GCC_C_LANGUAGE_STANDARD = gnu99;
				GCC_DYNAMIC_NO_PIC = NO;
				GCC_NO_COMMON_BLOCKS = YES;
				GCC_OPTIMIZATION_LEVEL = 0;
				GCC_PREPROCESSOR_DEFINITIONS = (
					"DEBUG=1",
					"$(inherited)",
				);
				GCC_WARN_64_TO_32_BIT_CONVERSION = YES;
				GCC_WARN_ABOUT_RETURN_TYPE = YES_ERROR;
				GCC_WARN_UNDECLARED_SELECTOR = YES;
				GCC_WARN_UNINITIALIZED_AUTOS = YES_AGGRESSIVE;
				GCC_WARN_UNUSED_FUNCTION = YES;
				GCC_WARN_UNUSED_VARIABLE = YES;
				IPHONEOS_DEPLOYMENT_TARGET = 10.2;
				MTL_ENABLE_DEBUG_INFO = YES;
				ONLY_ACTIVE_ARCH = YES;
				SDKROOT = iphoneos;
				SWIFT_ACTIVE_COMPILATION_CONDITIONS = DEBUG;
				SWIFT_OPTIMIZATION_LEVEL = "-Onone";
			};
			name = Debug;
		};
		5058D43A1E2C830200CCD5B8 /* Release */ = {
			isa = XCBuildConfiguration;
			buildSettings = {
				ALWAYS_SEARCH_USER_PATHS = NO;
				CLANG_ANALYZER_NONNULL = YES;
				CLANG_CXX_LANGUAGE_STANDARD = "gnu++0x";
				CLANG_CXX_LIBRARY = "libc++";
				CLANG_ENABLE_MODULES = YES;
				CLANG_ENABLE_OBJC_ARC = YES;
				CLANG_WARN_BOOL_CONVERSION = YES;
				CLANG_WARN_CONSTANT_CONVERSION = YES;
				CLANG_WARN_DIRECT_OBJC_ISA_USAGE = YES_ERROR;
				CLANG_WARN_DOCUMENTATION_COMMENTS = YES;
				CLANG_WARN_EMPTY_BODY = YES;
				CLANG_WARN_ENUM_CONVERSION = YES;
				CLANG_WARN_INFINITE_RECURSION = YES;
				CLANG_WARN_INT_CONVERSION = YES;
				CLANG_WARN_OBJC_ROOT_CLASS = YES_ERROR;
				CLANG_WARN_SUSPICIOUS_MOVE = YES;
				CLANG_WARN_UNREACHABLE_CODE = YES;
				CLANG_WARN__DUPLICATE_METHOD_MATCH = YES;
				"CODE_SIGN_IDENTITY[sdk=iphoneos*]" = "iPhone Developer";
				COPY_PHASE_STRIP = NO;
				DEBUG_INFORMATION_FORMAT = "dwarf-with-dsym";
				ENABLE_NS_ASSERTIONS = NO;
				ENABLE_STRICT_OBJC_MSGSEND = YES;
				GCC_C_LANGUAGE_STANDARD = gnu99;
				GCC_NO_COMMON_BLOCKS = YES;
				GCC_WARN_64_TO_32_BIT_CONVERSION = YES;
				GCC_WARN_ABOUT_RETURN_TYPE = YES_ERROR;
				GCC_WARN_UNDECLARED_SELECTOR = YES;
				GCC_WARN_UNINITIALIZED_AUTOS = YES_AGGRESSIVE;
				GCC_WARN_UNUSED_FUNCTION = YES;
				GCC_WARN_UNUSED_VARIABLE = YES;
				IPHONEOS_DEPLOYMENT_TARGET = 10.2;
				MTL_ENABLE_DEBUG_INFO = NO;
				SDKROOT = iphoneos;
				SWIFT_OPTIMIZATION_LEVEL = "-Owholemodule";
				VALIDATE_PRODUCT = YES;
			};
			name = Release;
		};
		5058D43C1E2C830200CCD5B8 /* Debug */ = {
			isa = XCBuildConfiguration;
			buildSettings = {
				ASSETCATALOG_COMPILER_APPICON_NAME = AppIcon;
				DEVELOPMENT_TEAM = 4J6N8TR2LN;
				INFOPLIST_FILE = VirtualTourist/Info.plist;
				LD_RUNPATH_SEARCH_PATHS = "$(inherited) @executable_path/Frameworks";
				PRODUCT_BUNDLE_IDENTIFIER = com.Deborah.VirtualTourist;
				PRODUCT_NAME = "$(TARGET_NAME)";
				SWIFT_VERSION = 3.0;
			};
			name = Debug;
		};
		5058D43D1E2C830200CCD5B8 /* Release */ = {
			isa = XCBuildConfiguration;
			buildSettings = {
				ASSETCATALOG_COMPILER_APPICON_NAME = AppIcon;
				DEVELOPMENT_TEAM = 4J6N8TR2LN;
				INFOPLIST_FILE = VirtualTourist/Info.plist;
				LD_RUNPATH_SEARCH_PATHS = "$(inherited) @executable_path/Frameworks";
				PRODUCT_BUNDLE_IDENTIFIER = com.Deborah.VirtualTourist;
				PRODUCT_NAME = "$(TARGET_NAME)";
				SWIFT_VERSION = 3.0;
			};
			name = Release;
		};
		5058D43F1E2C830200CCD5B8 /* Debug */ = {
			isa = XCBuildConfiguration;
			buildSettings = {
				ALWAYS_EMBED_SWIFT_STANDARD_LIBRARIES = YES;
				BUNDLE_LOADER = "$(TEST_HOST)";
				DEVELOPMENT_TEAM = 4J6N8TR2LN;
				INFOPLIST_FILE = VirtualTouristTests/Info.plist;
				LD_RUNPATH_SEARCH_PATHS = "$(inherited) @executable_path/Frameworks @loader_path/Frameworks";
				PRODUCT_BUNDLE_IDENTIFIER = com.Deborah.VirtualTouristTests;
				PRODUCT_NAME = "$(TARGET_NAME)";
				SWIFT_VERSION = 3.0;
				TEST_HOST = "$(BUILT_PRODUCTS_DIR)/VirtualTourist.app/VirtualTourist";
			};
			name = Debug;
		};
		5058D4401E2C830200CCD5B8 /* Release */ = {
			isa = XCBuildConfiguration;
			buildSettings = {
				ALWAYS_EMBED_SWIFT_STANDARD_LIBRARIES = YES;
				BUNDLE_LOADER = "$(TEST_HOST)";
				DEVELOPMENT_TEAM = 4J6N8TR2LN;
				INFOPLIST_FILE = VirtualTouristTests/Info.plist;
				LD_RUNPATH_SEARCH_PATHS = "$(inherited) @executable_path/Frameworks @loader_path/Frameworks";
				PRODUCT_BUNDLE_IDENTIFIER = com.Deborah.VirtualTouristTests;
				PRODUCT_NAME = "$(TARGET_NAME)";
				SWIFT_VERSION = 3.0;
				TEST_HOST = "$(BUILT_PRODUCTS_DIR)/VirtualTourist.app/VirtualTourist";
			};
			name = Release;
		};
		5058D4421E2C830200CCD5B8 /* Debug */ = {
			isa = XCBuildConfiguration;
			buildSettings = {
				ALWAYS_EMBED_SWIFT_STANDARD_LIBRARIES = YES;
				DEVELOPMENT_TEAM = 4J6N8TR2LN;
				INFOPLIST_FILE = VirtualTouristUITests/Info.plist;
				LD_RUNPATH_SEARCH_PATHS = "$(inherited) @executable_path/Frameworks @loader_path/Frameworks";
				PRODUCT_BUNDLE_IDENTIFIER = com.Deborah.VirtualTouristUITests;
				PRODUCT_NAME = "$(TARGET_NAME)";
				SWIFT_VERSION = 3.0;
				TEST_TARGET_NAME = VirtualTourist;
			};
			name = Debug;
		};
		5058D4431E2C830200CCD5B8 /* Release */ = {
			isa = XCBuildConfiguration;
			buildSettings = {
				ALWAYS_EMBED_SWIFT_STANDARD_LIBRARIES = YES;
				DEVELOPMENT_TEAM = 4J6N8TR2LN;
				INFOPLIST_FILE = VirtualTouristUITests/Info.plist;
				LD_RUNPATH_SEARCH_PATHS = "$(inherited) @executable_path/Frameworks @loader_path/Frameworks";
				PRODUCT_BUNDLE_IDENTIFIER = com.Deborah.VirtualTouristUITests;
				PRODUCT_NAME = "$(TARGET_NAME)";
				SWIFT_VERSION = 3.0;
				TEST_TARGET_NAME = VirtualTourist;
			};
			name = Release;
		};
/* End XCBuildConfiguration section */

/* Begin XCConfigurationList section */
		5058D40E1E2C830100CCD5B8 /* Build configuration list for PBXProject "VirtualTourist" */ = {
			isa = XCConfigurationList;
			buildConfigurations = (
				5058D4391E2C830200CCD5B8 /* Debug */,
				5058D43A1E2C830200CCD5B8 /* Release */,
			);
			defaultConfigurationIsVisible = 0;
			defaultConfigurationName = Release;
		};
		5058D43B1E2C830200CCD5B8 /* Build configuration list for PBXNativeTarget "VirtualTourist" */ = {
			isa = XCConfigurationList;
			buildConfigurations = (
				5058D43C1E2C830200CCD5B8 /* Debug */,
				5058D43D1E2C830200CCD5B8 /* Release */,
			);
			defaultConfigurationIsVisible = 0;
			defaultConfigurationName = Release;
		};
		5058D43E1E2C830200CCD5B8 /* Build configuration list for PBXNativeTarget "VirtualTouristTests" */ = {
			isa = XCConfigurationList;
			buildConfigurations = (
				5058D43F1E2C830200CCD5B8 /* Debug */,
				5058D4401E2C830200CCD5B8 /* Release */,
			);
			defaultConfigurationIsVisible = 0;
			defaultConfigurationName = Release;
		};
		5058D4411E2C830200CCD5B8 /* Build configuration list for PBXNativeTarget "VirtualTouristUITests" */ = {
			isa = XCConfigurationList;
			buildConfigurations = (
				5058D4421E2C830200CCD5B8 /* Debug */,
				5058D4431E2C830200CCD5B8 /* Release */,
			);
			defaultConfigurationIsVisible = 0;
			defaultConfigurationName = Release;
		};
/* End XCConfigurationList section */
	};
	rootObject = 5058D40B1E2C830100CCD5B8 /* Project object */;
}
